
Microsoft Visual Studio Solution File, Format Version 12.00
# Visual Studio Version 16
VisualStudioVersion = 16.0.32901.82
MinimumVisualStudioVersion = 10.0.40219.1
Project("{FAE04EC0-301F-11D3-BF4B-00C04F79EFBC}") = "MusicPlayer", "MusicPlayer\MusicPlayer.csproj", "{10819D6D-AC92-4144-9D88-8514B98999FC}"
EndProject
Global
	GlobalSection(SolutionConfigurationPlatforms) = preSolution
		Debug|Any CPU = Debug|Any CPU
		Release|Any CPU = Release|Any CPU
	EndGlobalSection
	GlobalSection(ProjectConfigurationPlatforms) = postSolution
		{10819D6D-AC92-4144-9D88-8514B98999FC}.Debug|Any CPU.ActiveCfg = Debug|Any CPU
		{10819D6D-AC92-4144-9D88-8514B98999FC}.Debug|Any CPU.Build.0 = Debug|Any CPU
		{10819D6D-AC92-4144-9D88-8514B98999FC}.Release|Any CPU.ActiveCfg = Release|Any CPU
		{10819D6D-AC92-4144-9D88-8514B98999FC}.Release|Any CPU.Build.0 = Release|Any CPU
	EndGlobalSection
	GlobalSection(SolutionProperties) = preSolution
		HideSolutionNode = FALSE
	EndGlobalSection
	GlobalSection(ExtensibilityGlobals) = postSolution
		SolutionGuid = {2619421D-7E62-4E0C-AC34-0287AE57B502}
	EndGlobalSection
EndGlobal
